// !$*UTF8*$!
{
	archiveVersion = 1;
	classes = {
	};
	objectVersion = 50;
	objects = {

/* Begin PBXBuildFile section */
		78209020250EE76E006C7697 /* EntityViewModel.swift in Sources */ = {isa = PBXBuildFile; fileRef = 7820901F250EE76E006C7697 /* EntityViewModel.swift */; };
		782090232510F783006C7697 /* BoardView.swift in Sources */ = {isa = PBXBuildFile; fileRef = 782090222510F783006C7697 /* BoardView.swift */; };
		782090282512C207006C7697 /* MechanicsDetailView.swift in Sources */ = {isa = PBXBuildFile; fileRef = 782090272512C207006C7697 /* MechanicsDetailView.swift */; };
		7820902A2512C256006C7697 /* PickUnitView.swift in Sources */ = {isa = PBXBuildFile; fileRef = 782090292512C256006C7697 /* PickUnitView.swift */; };
		78CBA83B250BFC2600E72811 /* AppDelegate.swift in Sources */ = {isa = PBXBuildFile; fileRef = 78CBA83A250BFC2600E72811 /* AppDelegate.swift */; };
		78CBA83D250BFC2600E72811 /* MainView.swift in Sources */ = {isa = PBXBuildFile; fileRef = 78CBA83C250BFC2600E72811 /* MainView.swift */; };
		78CBA83F250BFC2700E72811 /* Assets.xcassets in Resources */ = {isa = PBXBuildFile; fileRef = 78CBA83E250BFC2700E72811 /* Assets.xcassets */; };
		78CBA842250BFC2700E72811 /* Preview Assets.xcassets in Resources */ = {isa = PBXBuildFile; fileRef = 78CBA841250BFC2700E72811 /* Preview Assets.xcassets */; };
		78CBA845250BFC2700E72811 /* Main.storyboard in Resources */ = {isa = PBXBuildFile; fileRef = 78CBA843250BFC2700E72811 /* Main.storyboard */; };
		78CBA857250BFC3600E72811 /* Board.swift in Sources */ = {isa = PBXBuildFile; fileRef = 78CBA84E250BFC3600E72811 /* Board.swift */; };
		78CBA858250BFC3600E72811 /* Entity.swift in Sources */ = {isa = PBXBuildFile; fileRef = 78CBA84F250BFC3600E72811 /* Entity.swift */; };
		78CBA859250BFC3600E72811 /* RebornMechanics.swift in Sources */ = {isa = PBXBuildFile; fileRef = 78CBA851250BFC3600E72811 /* RebornMechanics.swift */; };
		78CBA85A250BFC3600E72811 /* BuffMechanics.swift in Sources */ = {isa = PBXBuildFile; fileRef = 78CBA852250BFC3600E72811 /* BuffMechanics.swift */; };
		78CBA85B250BFC3600E72811 /* EntityMeachanics.swift in Sources */ = {isa = PBXBuildFile; fileRef = 78CBA853250BFC3600E72811 /* EntityMeachanics.swift */; };
		78CBA85C250BFC3600E72811 /* CleaveMechanics.swift in Sources */ = {isa = PBXBuildFile; fileRef = 78CBA854250BFC3600E72811 /* CleaveMechanics.swift */; };
		78CBA85D250BFC3600E72811 /* DeathRattleMechanics.swift in Sources */ = {isa = PBXBuildFile; fileRef = 78CBA855250BFC3600E72811 /* DeathRattleMechanics.swift */; };
		78CBA85E250BFC3600E72811 /* BattleGround.swift in Sources */ = {isa = PBXBuildFile; fileRef = 78CBA856250BFC3600E72811 /* BattleGround.swift */; };
		78CBA861250BFC3F00E72811 /* BattleLogger.swift in Sources */ = {isa = PBXBuildFile; fileRef = 78CBA860250BFC3F00E72811 /* BattleLogger.swift */; };
		78CBA865250BFC7300E72811 /* UnitCell.swift in Sources */ = {isa = PBXBuildFile; fileRef = 78CBA864250BFC7300E72811 /* UnitCell.swift */; };
		78CBA867250BFC7800E72811 /* UnitDetail.swift in Sources */ = {isa = PBXBuildFile; fileRef = 78CBA866250BFC7800E72811 /* UnitDetail.swift */; };
		78CBA869250BFC8000E72811 /* UnitCellStatBar.swift in Sources */ = {isa = PBXBuildFile; fileRef = 78CBA868250BFC8000E72811 /* UnitCellStatBar.swift */; };
/* End PBXBuildFile section */

/* Begin PBXFileReference section */
		7820901F250EE76E006C7697 /* EntityViewModel.swift */ = {isa = PBXFileReference; lastKnownFileType = sourcecode.swift; path = EntityViewModel.swift; sourceTree = "<group>"; };
		782090222510F783006C7697 /* BoardView.swift */ = {isa = PBXFileReference; lastKnownFileType = sourcecode.swift; path = BoardView.swift; sourceTree = "<group>"; };
		782090272512C207006C7697 /* MechanicsDetailView.swift */ = {isa = PBXFileReference; lastKnownFileType = sourcecode.swift; path = MechanicsDetailView.swift; sourceTree = "<group>"; };
		782090292512C256006C7697 /* PickUnitView.swift */ = {isa = PBXFileReference; lastKnownFileType = sourcecode.swift; path = PickUnitView.swift; sourceTree = "<group>"; };
		78CBA837250BFC2600E72811 /* BGSolver.app */ = {isa = PBXFileReference; explicitFileType = wrapper.application; includeInIndex = 0; path = BGSolver.app; sourceTree = BUILT_PRODUCTS_DIR; };
		78CBA83A250BFC2600E72811 /* AppDelegate.swift */ = {isa = PBXFileReference; lastKnownFileType = sourcecode.swift; path = AppDelegate.swift; sourceTree = "<group>"; };
		78CBA83C250BFC2600E72811 /* MainView.swift */ = {isa = PBXFileReference; lastKnownFileType = sourcecode.swift; path = MainView.swift; sourceTree = "<group>"; };
		78CBA83E250BFC2700E72811 /* Assets.xcassets */ = {isa = PBXFileReference; lastKnownFileType = folder.assetcatalog; path = Assets.xcassets; sourceTree = "<group>"; };
		78CBA841250BFC2700E72811 /* Preview Assets.xcassets */ = {isa = PBXFileReference; lastKnownFileType = folder.assetcatalog; path = "Preview Assets.xcassets"; sourceTree = "<group>"; };
		78CBA844250BFC2700E72811 /* Base */ = {isa = PBXFileReference; lastKnownFileType = file.storyboard; name = Base; path = Base.lproj/Main.storyboard; sourceTree = "<group>"; };
		78CBA846250BFC2700E72811 /* Info.plist */ = {isa = PBXFileReference; lastKnownFileType = text.plist.xml; path = Info.plist; sourceTree = "<group>"; };
		78CBA847250BFC2700E72811 /* BGSolver.entitlements */ = {isa = PBXFileReference; lastKnownFileType = text.plist.entitlements; path = BGSolver.entitlements; sourceTree = "<group>"; };
		78CBA84E250BFC3600E72811 /* Board.swift */ = {isa = PBXFileReference; fileEncoding = 4; lastKnownFileType = sourcecode.swift; path = Board.swift; sourceTree = "<group>"; };
		78CBA84F250BFC3600E72811 /* Entity.swift */ = {isa = PBXFileReference; fileEncoding = 4; lastKnownFileType = sourcecode.swift; path = Entity.swift; sourceTree = "<group>"; };
		78CBA851250BFC3600E72811 /* RebornMechanics.swift */ = {isa = PBXFileReference; fileEncoding = 4; lastKnownFileType = sourcecode.swift; path = RebornMechanics.swift; sourceTree = "<group>"; };
		78CBA852250BFC3600E72811 /* BuffMechanics.swift */ = {isa = PBXFileReference; fileEncoding = 4; lastKnownFileType = sourcecode.swift; path = BuffMechanics.swift; sourceTree = "<group>"; };
		78CBA853250BFC3600E72811 /* EntityMeachanics.swift */ = {isa = PBXFileReference; fileEncoding = 4; lastKnownFileType = sourcecode.swift; path = EntityMeachanics.swift; sourceTree = "<group>"; };
		78CBA854250BFC3600E72811 /* CleaveMechanics.swift */ = {isa = PBXFileReference; fileEncoding = 4; lastKnownFileType = sourcecode.swift; path = CleaveMechanics.swift; sourceTree = "<group>"; };
		78CBA855250BFC3600E72811 /* DeathRattleMechanics.swift */ = {isa = PBXFileReference; fileEncoding = 4; lastKnownFileType = sourcecode.swift; path = DeathRattleMechanics.swift; sourceTree = "<group>"; };
		78CBA856250BFC3600E72811 /* BattleGround.swift */ = {isa = PBXFileReference; fileEncoding = 4; lastKnownFileType = sourcecode.swift; path = BattleGround.swift; sourceTree = "<group>"; };
		78CBA860250BFC3F00E72811 /* BattleLogger.swift */ = {isa = PBXFileReference; fileEncoding = 4; lastKnownFileType = sourcecode.swift; path = BattleLogger.swift; sourceTree = "<group>"; };
		78CBA864250BFC7300E72811 /* UnitCell.swift */ = {isa = PBXFileReference; fileEncoding = 4; lastKnownFileType = sourcecode.swift; path = UnitCell.swift; sourceTree = "<group>"; };
		78CBA866250BFC7800E72811 /* UnitDetail.swift */ = {isa = PBXFileReference; fileEncoding = 4; lastKnownFileType = sourcecode.swift; path = UnitDetail.swift; sourceTree = "<group>"; };
		78CBA868250BFC8000E72811 /* UnitCellStatBar.swift */ = {isa = PBXFileReference; fileEncoding = 4; lastKnownFileType = sourcecode.swift; path = UnitCellStatBar.swift; sourceTree = "<group>"; };
/* End PBXFileReference section */

/* Begin PBXFrameworksBuildPhase section */
		78CBA834250BFC2600E72811 /* Frameworks */ = {
			isa = PBXFrameworksBuildPhase;
			buildActionMask = 2147483647;
			files = (
			);
			runOnlyForDeploymentPostprocessing = 0;
		};
/* End PBXFrameworksBuildPhase section */

/* Begin PBXGroup section */
		78209021250EF3D6006C7697 /* ViewModel */ = {
			isa = PBXGroup;
			children = (
				7820901F250EE76E006C7697 /* EntityViewModel.swift */,
			);
			path = ViewModel;
			sourceTree = "<group>";
		};
		782090262512C1E3006C7697 /* UnitDetailView */ = {
			isa = PBXGroup;
			children = (
				78CBA866250BFC7800E72811 /* UnitDetail.swift */,
				782090272512C207006C7697 /* MechanicsDetailView.swift */,
				782090292512C256006C7697 /* PickUnitView.swift */,
			);
			path = UnitDetailView;
			sourceTree = "<group>";
		};
		78CBA82E250BFC2600E72811 = {
			isa = PBXGroup;
			children = (
				78CBA839250BFC2600E72811 /* BGSolver */,
				78CBA838250BFC2600E72811 /* Products */,
			);
			sourceTree = "<group>";
		};
		78CBA838250BFC2600E72811 /* Products */ = {
			isa = PBXGroup;
			children = (
				78CBA837250BFC2600E72811 /* BGSolver.app */,
			);
			name = Products;
			sourceTree = "<group>";
		};
		78CBA839250BFC2600E72811 /* BGSolver */ = {
			isa = PBXGroup;
			children = (
				78CBA862250BFC5C00E72811 /* UI */,
				78CBA85F250BFC3F00E72811 /* Helpers */,
				78CBA84D250BFC3600E72811 /* Models */,
				78CBA83A250BFC2600E72811 /* AppDelegate.swift */,
				78CBA83E250BFC2700E72811 /* Assets.xcassets */,
				78CBA843250BFC2700E72811 /* Main.storyboard */,
				78CBA846250BFC2700E72811 /* Info.plist */,
				78CBA847250BFC2700E72811 /* BGSolver.entitlements */,
				78CBA840250BFC2700E72811 /* Preview Content */,
			);
			path = BGSolver;
			sourceTree = "<group>";
		};
		78CBA840250BFC2700E72811 /* Preview Content */ = {
			isa = PBXGroup;
			children = (
				78CBA841250BFC2700E72811 /* Preview Assets.xcassets */,
			);
			path = "Preview Content";
			sourceTree = "<group>";
		};
		78CBA84D250BFC3600E72811 /* Models */ = {
			isa = PBXGroup;
			children = (
				78CBA850250BFC3600E72811 /* Mechanics */,
				78CBA84E250BFC3600E72811 /* Board.swift */,
				78CBA84F250BFC3600E72811 /* Entity.swift */,
				78CBA856250BFC3600E72811 /* BattleGround.swift */,
			);
			path = Models;
			sourceTree = "<group>";
		};
		78CBA850250BFC3600E72811 /* Mechanics */ = {
			isa = PBXGroup;
			children = (
				78CBA851250BFC3600E72811 /* RebornMechanics.swift */,
				78CBA852250BFC3600E72811 /* BuffMechanics.swift */,
				78CBA853250BFC3600E72811 /* EntityMeachanics.swift */,
				78CBA854250BFC3600E72811 /* CleaveMechanics.swift */,
				78CBA855250BFC3600E72811 /* DeathRattleMechanics.swift */,
			);
			path = Mechanics;
			sourceTree = "<group>";
		};
		78CBA85F250BFC3F00E72811 /* Helpers */ = {
			isa = PBXGroup;
			children = (
				78CBA860250BFC3F00E72811 /* BattleLogger.swift */,
			);
			path = Helpers;
			sourceTree = "<group>";
		};
		78CBA862250BFC5C00E72811 /* UI */ = {
			isa = PBXGroup;
			children = (
				78CBA863250BFC6100E72811 /* Views */,
			);
			path = UI;
			sourceTree = "<group>";
		};
		78CBA863250BFC6100E72811 /* Views */ = {
			isa = PBXGroup;
			children = (
				78209021250EF3D6006C7697 /* ViewModel */,
				782090262512C1E3006C7697 /* UnitDetailView */,
				78CBA83C250BFC2600E72811 /* MainView.swift */,
				782090222510F783006C7697 /* BoardView.swift */,
				78CBA868250BFC8000E72811 /* UnitCellStatBar.swift */,
				78CBA864250BFC7300E72811 /* UnitCell.swift */,
			);
			path = Views;
			sourceTree = "<group>";
		};
/* End PBXGroup section */

/* Begin PBXNativeTarget section */
		78CBA836250BFC2600E72811 /* BGSolver */ = {
			isa = PBXNativeTarget;
			buildConfigurationList = 78CBA84A250BFC2700E72811 /* Build configuration list for PBXNativeTarget "BGSolver" */;
			buildPhases = (
				78CBA833250BFC2600E72811 /* Sources */,
				78CBA834250BFC2600E72811 /* Frameworks */,
				78CBA835250BFC2600E72811 /* Resources */,
			);
			buildRules = (
			);
			dependencies = (
			);
			name = BGSolver;
			productName = BGSolver;
			productReference = 78CBA837250BFC2600E72811 /* BGSolver.app */;
			productType = "com.apple.product-type.application";
		};
/* End PBXNativeTarget section */

/* Begin PBXProject section */
		78CBA82F250BFC2600E72811 /* Project object */ = {
			isa = PBXProject;
			attributes = {
				LastSwiftUpdateCheck = 1170;
				LastUpgradeCheck = 1170;
				ORGANIZATIONNAME = "Igor Podolskiy";
				TargetAttributes = {
					78CBA836250BFC2600E72811 = {
						CreatedOnToolsVersion = 11.7;
					};
				};
			};
			buildConfigurationList = 78CBA832250BFC2600E72811 /* Build configuration list for PBXProject "BGSolver" */;
			compatibilityVersion = "Xcode 9.3";
			developmentRegion = en;
			hasScannedForEncodings = 0;
			knownRegions = (
				en,
				Base,
			);
			mainGroup = 78CBA82E250BFC2600E72811;
			productRefGroup = 78CBA838250BFC2600E72811 /* Products */;
			projectDirPath = "";
			projectRoot = "";
			targets = (
				78CBA836250BFC2600E72811 /* BGSolver */,
			);
		};
/* End PBXProject section */

/* Begin PBXResourcesBuildPhase section */
		78CBA835250BFC2600E72811 /* Resources */ = {
			isa = PBXResourcesBuildPhase;
			buildActionMask = 2147483647;
			files = (
				78CBA845250BFC2700E72811 /* Main.storyboard in Resources */,
				78CBA842250BFC2700E72811 /* Preview Assets.xcassets in Resources */,
				78CBA83F250BFC2700E72811 /* Assets.xcassets in Resources */,
			);
			runOnlyForDeploymentPostprocessing = 0;
		};
/* End PBXResourcesBuildPhase section */

/* Begin PBXSourcesBuildPhase section */
		78CBA833250BFC2600E72811 /* Sources */ = {
			isa = PBXSourcesBuildPhase;
			buildActionMask = 2147483647;
			files = (
				78CBA85D250BFC3600E72811 /* DeathRattleMechanics.swift in Sources */,
				78CBA865250BFC7300E72811 /* UnitCell.swift in Sources */,
				782090282512C207006C7697 /* MechanicsDetailView.swift in Sources */,
				78CBA867250BFC7800E72811 /* UnitDetail.swift in Sources */,
				78CBA858250BFC3600E72811 /* Entity.swift in Sources */,
				78CBA85E250BFC3600E72811 /* BattleGround.swift in Sources */,
				78CBA859250BFC3600E72811 /* RebornMechanics.swift in Sources */,
				78CBA85A250BFC3600E72811 /* BuffMechanics.swift in Sources */,
				78CBA85C250BFC3600E72811 /* CleaveMechanics.swift in Sources */,
				78CBA83D250BFC2600E72811 /* MainView.swift in Sources */,
				78209020250EE76E006C7697 /* EntityViewModel.swift in Sources */,
				78CBA861250BFC3F00E72811 /* BattleLogger.swift in Sources */,
				78CBA85B250BFC3600E72811 /* EntityMeachanics.swift in Sources */,
				78CBA83B250BFC2600E72811 /* AppDelegate.swift in Sources */,
				78CBA857250BFC3600E72811 /* Board.swift in Sources */,
				7820902A2512C256006C7697 /* PickUnitView.swift in Sources */,
				782090232510F783006C7697 /* BoardView.swift in Sources */,
				78CBA869250BFC8000E72811 /* UnitCellStatBar.swift in Sources */,
			);
			runOnlyForDeploymentPostprocessing = 0;
		};
/* End PBXSourcesBuildPhase section */

/* Begin PBXVariantGroup section */
		78CBA843250BFC2700E72811 /* Main.storyboard */ = {
			isa = PBXVariantGroup;
			children = (
				78CBA844250BFC2700E72811 /* Base */,
			);
			name = Main.storyboard;
			sourceTree = "<group>";
		};
/* End PBXVariantGroup section */

/* Begin XCBuildConfiguration section */
		78CBA848250BFC2700E72811 /* Debug */ = {
			isa = XCBuildConfiguration;
			buildSettings = {
				ALWAYS_SEARCH_USER_PATHS = NO;
				CLANG_ANALYZER_NONNULL = YES;
				CLANG_ANALYZER_NUMBER_OBJECT_CONVERSION = YES_AGGRESSIVE;
				CLANG_CXX_LANGUAGE_STANDARD = "gnu++14";
				CLANG_CXX_LIBRARY = "libc++";
				CLANG_ENABLE_MODULES = YES;
				CLANG_ENABLE_OBJC_ARC = YES;
				CLANG_ENABLE_OBJC_WEAK = YES;
				CLANG_WARN_BLOCK_CAPTURE_AUTORELEASING = YES;
				CLANG_WARN_BOOL_CONVERSION = YES;
				CLANG_WARN_COMMA = YES;
				CLANG_WARN_CONSTANT_CONVERSION = YES;
				CLANG_WARN_DEPRECATED_OBJC_IMPLEMENTATIONS = YES;
				CLANG_WARN_DIRECT_OBJC_ISA_USAGE = YES_ERROR;
				CLANG_WARN_DOCUMENTATION_COMMENTS = YES;
				CLANG_WARN_EMPTY_BODY = YES;
				CLANG_WARN_ENUM_CONVERSION = YES;
				CLANG_WARN_INFINITE_RECURSION = YES;
				CLANG_WARN_INT_CONVERSION = YES;
				CLANG_WARN_NON_LITERAL_NULL_CONVERSION = YES;
				CLANG_WARN_OBJC_IMPLICIT_RETAIN_SELF = YES;
				CLANG_WARN_OBJC_LITERAL_CONVERSION = YES;
				CLANG_WARN_OBJC_ROOT_CLASS = YES_ERROR;
				CLANG_WARN_RANGE_LOOP_ANALYSIS = YES;
				CLANG_WARN_STRICT_PROTOTYPES = YES;
				CLANG_WARN_SUSPICIOUS_MOVE = YES;
				CLANG_WARN_UNGUARDED_AVAILABILITY = YES_AGGRESSIVE;
				CLANG_WARN_UNREACHABLE_CODE = YES;
				CLANG_WARN__DUPLICATE_METHOD_MATCH = YES;
				COPY_PHASE_STRIP = NO;
				DEBUG_INFORMATION_FORMAT = dwarf;
				ENABLE_STRICT_OBJC_MSGSEND = YES;
				ENABLE_TESTABILITY = YES;
				GCC_C_LANGUAGE_STANDARD = gnu11;
				GCC_DYNAMIC_NO_PIC = NO;
				GCC_NO_COMMON_BLOCKS = YES;
				GCC_OPTIMIZATION_LEVEL = 0;
				GCC_PREPROCESSOR_DEFINITIONS = (
					"DEBUG=1",
					"$(inherited)",
				);
				GCC_WARN_64_TO_32_BIT_CONVERSION = YES;
				GCC_WARN_ABOUT_RETURN_TYPE = YES_ERROR;
				GCC_WARN_UNDECLARED_SELECTOR = YES;
				GCC_WARN_UNINITIALIZED_AUTOS = YES_AGGRESSIVE;
				GCC_WARN_UNUSED_FUNCTION = YES;
				GCC_WARN_UNUSED_VARIABLE = YES;
				MACOSX_DEPLOYMENT_TARGET = 10.15;
				MTL_ENABLE_DEBUG_INFO = INCLUDE_SOURCE;
				MTL_FAST_MATH = YES;
				ONLY_ACTIVE_ARCH = YES;
				SDKROOT = macosx;
				SWIFT_ACTIVE_COMPILATION_CONDITIONS = DEBUG;
				SWIFT_OPTIMIZATION_LEVEL = "-Onone";
			};
			name = Debug;
		};
		78CBA849250BFC2700E72811 /* Release */ = {
			isa = XCBuildConfiguration;
			buildSettings = {
				ALWAYS_SEARCH_USER_PATHS = NO;
				CLANG_ANALYZER_NONNULL = YES;
				CLANG_ANALYZER_NUMBER_OBJECT_CONVERSION = YES_AGGRESSIVE;
				CLANG_CXX_LANGUAGE_STANDARD = "gnu++14";
				CLANG_CXX_LIBRARY = "libc++";
				CLANG_ENABLE_MODULES = YES;
				CLANG_ENABLE_OBJC_ARC = YES;
				CLANG_ENABLE_OBJC_WEAK = YES;
				CLANG_WARN_BLOCK_CAPTURE_AUTORELEASING = YES;
				CLANG_WARN_BOOL_CONVERSION = YES;
				CLANG_WARN_COMMA = YES;
				CLANG_WARN_CONSTANT_CONVERSION = YES;
				CLANG_WARN_DEPRECATED_OBJC_IMPLEMENTATIONS = YES;
				CLANG_WARN_DIRECT_OBJC_ISA_USAGE = YES_ERROR;
				CLANG_WARN_DOCUMENTATION_COMMENTS = YES;
				CLANG_WARN_EMPTY_BODY = YES;
				CLANG_WARN_ENUM_CONVERSION = YES;
				CLANG_WARN_INFINITE_RECURSION = YES;
				CLANG_WARN_INT_CONVERSION = YES;
				CLANG_WARN_NON_LITERAL_NULL_CONVERSION = YES;
				CLANG_WARN_OBJC_IMPLICIT_RETAIN_SELF = YES;
				CLANG_WARN_OBJC_LITERAL_CONVERSION = YES;
				CLANG_WARN_OBJC_ROOT_CLASS = YES_ERROR;
				CLANG_WARN_RANGE_LOOP_ANALYSIS = YES;
				CLANG_WARN_STRICT_PROTOTYPES = YES;
				CLANG_WARN_SUSPICIOUS_MOVE = YES;
				CLANG_WARN_UNGUARDED_AVAILABILITY = YES_AGGRESSIVE;
				CLANG_WARN_UNREACHABLE_CODE = YES;
				CLANG_WARN__DUPLICATE_METHOD_MATCH = YES;
				COPY_PHASE_STRIP = NO;
				DEBUG_INFORMATION_FORMAT = "dwarf-with-dsym";
				ENABLE_NS_ASSERTIONS = NO;
				ENABLE_STRICT_OBJC_MSGSEND = YES;
				GCC_C_LANGUAGE_STANDARD = gnu11;
				GCC_NO_COMMON_BLOCKS = YES;
				GCC_WARN_64_TO_32_BIT_CONVERSION = YES;
				GCC_WARN_ABOUT_RETURN_TYPE = YES_ERROR;
				GCC_WARN_UNDECLARED_SELECTOR = YES;
				GCC_WARN_UNINITIALIZED_AUTOS = YES_AGGRESSIVE;
				GCC_WARN_UNUSED_FUNCTION = YES;
				GCC_WARN_UNUSED_VARIABLE = YES;
				MACOSX_DEPLOYMENT_TARGET = 10.15;
				MTL_ENABLE_DEBUG_INFO = NO;
				MTL_FAST_MATH = YES;
				SDKROOT = macosx;
				SWIFT_COMPILATION_MODE = wholemodule;
				SWIFT_OPTIMIZATION_LEVEL = "-O";
			};
			name = Release;
		};
		78CBA84B250BFC2700E72811 /* Debug */ = {
			isa = XCBuildConfiguration;
			buildSettings = {
				ASSETCATALOG_COMPILER_APPICON_NAME = AppIcon;
				CODE_SIGN_ENTITLEMENTS = BGSolver/BGSolver.entitlements;
				CODE_SIGN_STYLE = Automatic;
				COMBINE_HIDPI_IMAGES = YES;
				DEVELOPMENT_ASSET_PATHS = "\"BGSolver/Preview Content\"";
				DEVELOPMENT_TEAM = DZ9WU6R332;
				ENABLE_HARDENED_RUNTIME = YES;
				ENABLE_PREVIEWS = YES;
				INFOPLIST_FILE = BGSolver/Info.plist;
				LD_RUNPATH_SEARCH_PATHS = (
					"$(inherited)",
					"@executable_path/../Frameworks",
				);
				MACOSX_DEPLOYMENT_TARGET = 10.15;
				PRODUCT_BUNDLE_IDENTIFIER = ru.IgorPodolskiy.BGSolver;
				PRODUCT_NAME = "$(TARGET_NAME)";
				SWIFT_VERSION = 5.0;
			};
			name = Debug;
		};
		78CBA84C250BFC2700E72811 /* Release */ = {
			isa = XCBuildConfiguration;
			buildSettings = {
				ASSETCATALOG_COMPILER_APPICON_NAME = AppIcon;
				CODE_SIGN_ENTITLEMENTS = BGSolver/BGSolver.entitlements;
				CODE_SIGN_STYLE = Automatic;
				COMBINE_HIDPI_IMAGES = YES;
				DEVELOPMENT_ASSET_PATHS = "\"BGSolver/Preview Content\"";
				DEVELOPMENT_TEAM = DZ9WU6R332;
				ENABLE_HARDENED_RUNTIME = YES;
				ENABLE_PREVIEWS = YES;
				INFOPLIST_FILE = BGSolver/Info.plist;
				LD_RUNPATH_SEARCH_PATHS = (
					"$(inherited)",
					"@executable_path/../Frameworks",
				);
				MACOSX_DEPLOYMENT_TARGET = 10.15;
				PRODUCT_BUNDLE_IDENTIFIER = ru.IgorPodolskiy.BGSolver;
				PRODUCT_NAME = "$(TARGET_NAME)";
				SWIFT_VERSION = 5.0;
			};
			name = Release;
		};
/* End XCBuildConfiguration section */

/* Begin XCConfigurationList section */
		78CBA832250BFC2600E72811 /* Build configuration list for PBXProject "BGSolver" */ = {
			isa = XCConfigurationList;
			buildConfigurations = (
				78CBA848250BFC2700E72811 /* Debug */,
				78CBA849250BFC2700E72811 /* Release */,
			);
			defaultConfigurationIsVisible = 0;
			defaultConfigurationName = Release;
		};
		78CBA84A250BFC2700E72811 /* Build configuration list for PBXNativeTarget "BGSolver" */ = {
			isa = XCConfigurationList;
			buildConfigurations = (
				78CBA84B250BFC2700E72811 /* Debug */,
				78CBA84C250BFC2700E72811 /* Release */,
			);
			defaultConfigurationIsVisible = 0;
			defaultConfigurationName = Release;
		};
/* End XCConfigurationList section */
	};
	rootObject = 78CBA82F250BFC2600E72811 /* Project object */;
}
